
Microsoft Visual Studio Solution File, Format Version 12.00
# Visual Studio Version 17
VisualStudioVersion = 17.10.35201.131
MinimumVisualStudioVersion = 10.0.40219.1
Project("{FAE04EC0-301F-11D3-BF4B-00C04F79EFBC}") = "Warm-up", "Warm-up\Warm-up.csproj", "{98481918-B60F-4304-89B5-58A9B594C733}"
EndProject
Global
	GlobalSection(SolutionConfigurationPlatforms) = preSolution
		Debug|Any CPU = Debug|Any CPU
		Release|Any CPU = Release|Any CPU
	EndGlobalSection
	GlobalSection(ProjectConfigurationPlatforms) = postSolution
		{98481918-B60F-4304-89B5-58A9B594C733}.Debug|Any CPU.ActiveCfg = Debug|Any CPU
		{98481918-B60F-4304-89B5-58A9B594C733}.Debug|Any CPU.Build.0 = Debug|Any CPU
		{98481918-B60F-4304-89B5-58A9B594C733}.Release|Any CPU.ActiveCfg = Release|Any CPU
		{98481918-B60F-4304-89B5-58A9B594C733}.Release|Any CPU.Build.0 = Release|Any CPU
	EndGlobalSection
	GlobalSection(SolutionProperties) = preSolution
		HideSolutionNode = FALSE
	EndGlobalSection
	GlobalSection(ExtensibilityGlobals) = postSolution
		SolutionGuid = {D750F66F-639A-4D7F-A5D9-564D0D290B61}
	EndGlobalSection
EndGlobal
